// !$*UTF8*$!
{
	archiveVersion = 1;
	classes = {
	};
	objectVersion = 63;
	objects = {

/* Begin PBXBuildFile section */
		04EFB7824CDEAB888C27A39D /* ProcessingStatusTests.swift in Sources */ = {isa = PBXBuildFile; fileRef = B7B82C8167AF1454F8D800AF /* ProcessingStatusTests.swift */; };
		056006892AEE44DA8C9B2A27 /* OpenAIServiceTests.swift in Sources */ = {isa = PBXBuildFile; fileRef = 27D46BD8BA43428CB176D956 /* OpenAIServiceTests.swift */; };
		06F641801A91F11EAC2FB72B /* KeychainManager.swift in Sources */ = {isa = PBXBuildFile; fileRef = 592EC583C966CB1347596210 /* KeychainManager.swift */; };
		0849A1F2F661A302A025A792 /* FileUploadServiceTests.swift in Sources */ = {isa = PBXBuildFile; fileRef = B9FC5EFBCE2FAB67669BCBB0 /* FileUploadServiceTests.swift */; };
		0D7463998336E33F5BD42CE4 /* PlaylistCreatorTests.swift in Sources */ = {isa = PBXBuildFile; fileRef = 4780841B6B2CE84173749B30 /* PlaylistCreatorTests.swift */; };
		1B7897A798D94F92AA57094C /* AudioExtractionTests.swift in Sources */ = {isa = PBXBuildFile; fileRef = 7CEB6592203043408422FF7B /* AudioExtractionTests.swift */; };
		1EECD58E0F20F500D2FA9204 /* FileUploadService.swift in Sources */ = {isa = PBXBuildFile; fileRef = C118177ED08BE7C415CDFBDC /* FileUploadService.swift */; };
		2300FD5A8853BEBB7E839F0D /* SettingsManagerTests.swift in Sources */ = {isa = PBXBuildFile; fileRef = 363F71ED79FCBEB26E9EE8BF /* SettingsManagerTests.swift */; };
		299E57053AFD4CB7A4E2CFED /* WhisperTranscriptionService.swift in Sources */ = {isa = PBXBuildFile; fileRef = 78E4256E56A446249F898283 /* WhisperTranscriptionService.swift */; };
		2AFC848AABF3969E415F3ADC /* MatchedSongTests.swift in Sources */ = {isa = PBXBuildFile; fileRef = 4D0B46606F17F2DE1EEED16A /* MatchedSongTests.swift */; };
		2C10EFFA5B80A599E3FC6024 /* PlaylistCreatorServiceTests.swift in Sources */ = {isa = PBXBuildFile; fileRef = C082FCBBB6D7BAD3B01DEEB8 /* PlaylistCreatorServiceTests.swift */; };
		305BEE36623560B29DF62068 /* MusicSearcherTests.swift in Sources */ = {isa = PBXBuildFile; fileRef = F04E5752F01B8E3B5921D36A /* MusicSearcherTests.swift */; };
		3D4F67FF340696C2F40411D3 /* AudioProcessor.swift in Sources */ = {isa = PBXBuildFile; fileRef = F600640A76DD103F63AE1E7F /* AudioProcessor.swift */; };
		3EECA254588D67BF9BFC3A99 /* MatchStatus.swift in Sources */ = {isa = PBXBuildFile; fileRef = 35E97F3FC4190C4D905556DF /* MatchStatus.swift */; };
		3F673C372E55C7709593F981 /* PlaylistCreator.swift in Sources */ = {isa = PBXBuildFile; fileRef = 40FBEF3E88D0DFD0740D0029 /* PlaylistCreator.swift */; };
		484C0D50B76547BF8CB743BE /* OpenAIService.swift in Sources */ = {isa = PBXBuildFile; fileRef = CD5D822603C24390ABF57121 /* OpenAIService.swift */; };
		4E51990227E28476817EE9D1 /* AppleMusicSearchServiceTests.swift in Sources */ = {isa = PBXBuildFile; fileRef = F3BE2DDFDA506B6FFAD5BBEC /* AppleMusicSearchServiceTests.swift */; };
		5172D4AA59258E4299C1B637 /* FileUploadViewModel.swift in Sources */ = {isa = PBXBuildFile; fileRef = 53668D0C2557C7FA576A0707 /* FileUploadViewModel.swift */; };
		52EEF07F1C86F5F97C9160DB /* SettingsManager.swift in Sources */ = {isa = PBXBuildFile; fileRef = 7E26BA1D0F45B9EA8310B17F /* SettingsManager.swift */; };
		58419CB0330E1A175822386A /* MusicSearcher.swift in Sources */ = {isa = PBXBuildFile; fileRef = 50C650A8B370C7FF23722CB1 /* MusicSearcher.swift */; };
		5884245D76CB1CE442A14858 /* MockMusicSearcher.swift in Sources */ = {isa = PBXBuildFile; fileRef = 06463135377AF2DA5003C8C4 /* MockMusicSearcher.swift */; };
		5A84A051986BBFBC3A49D168 /* MockTranscriber.swift in Sources */ = {isa = PBXBuildFile; fileRef = 5635D0903107CAD6EC033BE9 /* MockTranscriber.swift */; };
		5CFC64508A16BD362993486E /* MatchSelector.swift in Sources */ = {isa = PBXBuildFile; fileRef = 5119AD78368DCC9EB49911C6 /* MatchSelector.swift */; };
		6636D99619ACC61B01EECC0D /* FileUploadView.swift in Sources */ = {isa = PBXBuildFile; fileRef = 512BFB15AC3994BDCE08BDF3 /* FileUploadView.swift */; };
		6E2BF295D2D9BE16E5D5D4E2 /* Assets.xcassets in Resources */ = {isa = PBXBuildFile; fileRef = 23AABCB13F1B8D8830FCDA25 /* Assets.xcassets */; };
		7814F0C362114371E9808512 /* MockAudioProcessor.swift in Sources */ = {isa = PBXBuildFile; fileRef = 42457A5844FF042C44600B1A /* MockAudioProcessor.swift */; };
		78435CB27E4C5FF22289900A /* ServiceContainer.swift in Sources */ = {isa = PBXBuildFile; fileRef = 55EB84239564F1C9D52D970A /* ServiceContainer.swift */; };
		78F4AD0CF4B802A5698474A6 /* MatchSelectorTests.swift in Sources */ = {isa = PBXBuildFile; fileRef = 17551EB391CF65249C008E7C /* MatchSelectorTests.swift */; };
		79E54C9955A566E87DDAB06A /* MatchStatusTests.swift in Sources */ = {isa = PBXBuildFile; fileRef = F0AD39F80E04277286C71DF3 /* MatchStatusTests.swift */; };
		7A522365D4D3C11E97C67F83 /* PlaylistRequest.swift in Sources */ = {isa = PBXBuildFile; fileRef = 2BB4686F066207A4DC4015E7 /* PlaylistRequest.swift */; };
		7A700C447524A79EBC70DF26 /* PlaylistError.swift in Sources */ = {isa = PBXBuildFile; fileRef = 2391D37546D38BC6C50A7E3C /* PlaylistError.swift */; };
		7A96DD8787DD2AE5439EADD1 /* ServiceContainerTests.swift in Sources */ = {isa = PBXBuildFile; fileRef = 2670AE96A19B5FFD044CAC6A /* ServiceContainerTests.swift */; };
		7AF290232E284E37B6795787 /* TranscriptProcessor.swift in Sources */ = {isa = PBXBuildFile; fileRef = 44F1FE1284F14F29B58A6253 /* TranscriptProcessor.swift */; };
		7E52A241AE64A3333F484D98 /* MusicExtractor.swift in Sources */ = {isa = PBXBuildFile; fileRef = 9A626FF129AD281B9B2841F1 /* MusicExtractor.swift */; };
		80B9F3447A4B704A762DA779 /* Transcriber.swift in Sources */ = {isa = PBXBuildFile; fileRef = FEF4A1DC61A85BD6634D0D02 /* Transcriber.swift */; };
		85F3359FC2C8DC30F4C749CB /* PlaylistCreatorApp.swift in Sources */ = {isa = PBXBuildFile; fileRef = C5BB459A50CE342EE24761E1 /* PlaylistCreatorApp.swift */; };
		8A957476C6B7C02A888EA979 /* SettingsView.swift in Sources */ = {isa = PBXBuildFile; fileRef = 3E33BE836DFD56DFBB21251C /* SettingsView.swift */; };
		8D93B251CF280D9499502E55 /* MusicExtractorTests.swift in Sources */ = {isa = PBXBuildFile; fileRef = DF141222014D46E3AD0112A2 /* MusicExtractorTests.swift */; };
		8E041A8B7A0C4071C0AF5258 /* ProcessingStatus.swift in Sources */ = {isa = PBXBuildFile; fileRef = E82F3ADFFB33D23315387BF3 /* ProcessingStatus.swift */; };
		94E03F5453DA4A92910E939B /* MusicDataNormalizer.swift in Sources */ = {isa = PBXBuildFile; fileRef = 9A8B5D4055B1469482D09C85 /* MusicDataNormalizer.swift */; };
		98D50E3AD569EFB9D06A0AF8 /* MatchedSong.swift in Sources */ = {isa = PBXBuildFile; fileRef = D48E15D196E1FECA1AC1F5C3 /* MatchedSong.swift */; };
		9CBF6460793E3D6C98050151 /* PlaylistErrorTests.swift in Sources */ = {isa = PBXBuildFile; fileRef = 15C74F65585C251CCBF9BCBF /* PlaylistErrorTests.swift */; };
		9E9AC0EC2B1705806CD71E91 /* MockMusicExtractor.swift in Sources */ = {isa = PBXBuildFile; fileRef = F64891A2E2366A35432BB4C3 /* MockMusicExtractor.swift */; };
		A2165EFC5EEE7F9C90AD2274 /* Song.swift in Sources */ = {isa = PBXBuildFile; fileRef = 80921619D063166FC4D6DD02 /* Song.swift */; };
		B7DED85DFD5E3C0BF1ADA808 /* AppleMusicSearchService.swift in Sources */ = {isa = PBXBuildFile; fileRef = 3B9E90A489BB7FC59CCAA211 /* AppleMusicSearchService.swift */; };
		C93C0A51B77FBF326F0E820F /* KeychainManagerTests.swift in Sources */ = {isa = PBXBuildFile; fileRef = CC2E26B09B09E9E00C01F88F /* KeychainManagerTests.swift */; };
		D011BC14E094492AE7D2B584 /* Preview Assets.xcassets in Resources */ = {isa = PBXBuildFile; fileRef = C4D18C87D7C29E464252B9A6 /* Preview Assets.xcassets */; };
		D154E5195064F431DB11B17C /* MockPlaylistCreator.swift in Sources */ = {isa = PBXBuildFile; fileRef = 84EB8EA76CB09C16A2C4D7A3 /* MockPlaylistCreator.swift */; };
		D1CC804EE8C6FED9EDB668A8 /* PlaylistRequestTests.swift in Sources */ = {isa = PBXBuildFile; fileRef = 6BE9CF0EE6EE2BC6B82476A4 /* PlaylistRequestTests.swift */; };
		D3BCF2EE1F6AC885383FE521 /* SongTests.swift in Sources */ = {isa = PBXBuildFile; fileRef = B747269EA4C8B1F3608E74B4 /* SongTests.swift */; };
		D8E4BDF411CFDA3985C3CB73 /* ContentView.swift in Sources */ = {isa = PBXBuildFile; fileRef = 8C33870D02A6974ACB79B45A /* ContentView.swift */; };
		D952F6D474F12A6D738400F9 /* Info-minimal.plist in Resources */ = {isa = PBXBuildFile; fileRef = 8426AB5EC6D80857CF1AF4E5 /* Info-minimal.plist */; };
		DBBE38902486467394D116A8 /* TranscriptionServiceTests.swift in Sources */ = {isa = PBXBuildFile; fileRef = C2752E97DCCC4776B058FC02 /* TranscriptionServiceTests.swift */; };
		E95A597DE5BD4DD78670E596 /* URLDownloader.swift in Sources */ = {isa = PBXBuildFile; fileRef = 77A3E0564ACB477091D44BB2 /* URLDownloader.swift */; };
		EB79CE0451019B91B573A5D4 /* TranscriberTests.swift in Sources */ = {isa = PBXBuildFile; fileRef = B1424E4A1C869462687C40BF /* TranscriberTests.swift */; };
		F6198026B4921E8B2E3A0C34 /* AudioProcessorTests.swift in Sources */ = {isa = PBXBuildFile; fileRef = 7D6D1EC181E7384062DFDD51 /* AudioProcessorTests.swift */; };
		FAA53BE18EF64C709CA34639 /* URLValidator.swift in Sources */ = {isa = PBXBuildFile; fileRef = 47D94DD8A5264F388A380364 /* URLValidator.swift */; };
/* End PBXBuildFile section */

/* Begin PBXContainerItemProxy section */
		46F6E12C6307927C6809FEF6 /* PBXContainerItemProxy */ = {
			isa = PBXContainerItemProxy;
			containerPortal = C9EBF474E38427370B66AF92 /* Project object */;
			proxyType = 1;
			remoteGlobalIDString = 1CAF01452B79E131FCFC1C3D;
			remoteInfo = PlaylistCreator;
		};
/* End PBXContainerItemProxy section */

/* Begin PBXFileReference section */
		06463135377AF2DA5003C8C4 /* MockMusicSearcher.swift */ = {isa = PBXFileReference; lastKnownFileType = sourcecode.swift; path = MockMusicSearcher.swift; sourceTree = "<group>"; };
		15C74F65585C251CCBF9BCBF /* PlaylistErrorTests.swift */ = {isa = PBXFileReference; lastKnownFileType = sourcecode.swift; path = PlaylistErrorTests.swift; sourceTree = "<group>"; };
		17551EB391CF65249C008E7C /* MatchSelectorTests.swift */ = {isa = PBXFileReference; includeInIndex = 1; lastKnownFileType = sourcecode.swift; path = MatchSelectorTests.swift; sourceTree = "<group>"; };
		2391D37546D38BC6C50A7E3C /* PlaylistError.swift */ = {isa = PBXFileReference; lastKnownFileType = sourcecode.swift; path = PlaylistError.swift; sourceTree = "<group>"; };
		23AABCB13F1B8D8830FCDA25 /* Assets.xcassets */ = {isa = PBXFileReference; lastKnownFileType = folder.assetcatalog; path = Assets.xcassets; sourceTree = "<group>"; };
		2670AE96A19B5FFD044CAC6A /* ServiceContainerTests.swift */ = {isa = PBXFileReference; lastKnownFileType = sourcecode.swift; path = ServiceContainerTests.swift; sourceTree = "<group>"; };
		27D46BD8BA43428CB176D956 /* OpenAIServiceTests.swift */ = {isa = PBXFileReference; lastKnownFileType = sourcecode.swift; name = OpenAIServiceTests.swift; path = PlaylistCreatorTests/Services/OpenAIServiceTests.swift; sourceTree = SOURCE_ROOT; };
		29872FCFB418650E93EE6E49 /* PlaylistCreator.app */ = {isa = PBXFileReference; explicitFileType = wrapper.application; includeInIndex = 0; path = PlaylistCreator.app; sourceTree = BUILT_PRODUCTS_DIR; };
		2BB4686F066207A4DC4015E7 /* PlaylistRequest.swift */ = {isa = PBXFileReference; lastKnownFileType = sourcecode.swift; path = PlaylistRequest.swift; sourceTree = "<group>"; };
		35E97F3FC4190C4D905556DF /* MatchStatus.swift */ = {isa = PBXFileReference; lastKnownFileType = sourcecode.swift; path = MatchStatus.swift; sourceTree = "<group>"; };
		363F71ED79FCBEB26E9EE8BF /* SettingsManagerTests.swift */ = {isa = PBXFileReference; includeInIndex = 1; lastKnownFileType = sourcecode.swift; name = SettingsManagerTests.swift; path = Settings/SettingsManagerTests.swift; sourceTree = "<group>"; };
		3B9E90A489BB7FC59CCAA211 /* AppleMusicSearchService.swift */ = {isa = PBXFileReference; includeInIndex = 1; lastKnownFileType = sourcecode.swift; path = AppleMusicSearchService.swift; sourceTree = "<group>"; };
		3E33BE836DFD56DFBB21251C /* SettingsView.swift */ = {isa = PBXFileReference; includeInIndex = 1; lastKnownFileType = sourcecode.swift; path = SettingsView.swift; sourceTree = "<group>"; };
		40FBEF3E88D0DFD0740D0029 /* PlaylistCreator.swift */ = {isa = PBXFileReference; lastKnownFileType = sourcecode.swift; path = PlaylistCreator.swift; sourceTree = "<group>"; };
		42457A5844FF042C44600B1A /* MockAudioProcessor.swift */ = {isa = PBXFileReference; lastKnownFileType = sourcecode.swift; path = MockAudioProcessor.swift; sourceTree = "<group>"; };
		44F1FE1284F14F29B58A6253 /* TranscriptProcessor.swift */ = {isa = PBXFileReference; lastKnownFileType = sourcecode.swift; path = PlaylistCreator/Services/TranscriptProcessor.swift; sourceTree = "<group>"; };
		4780841B6B2CE84173749B30 /* PlaylistCreatorTests.swift */ = {isa = PBXFileReference; lastKnownFileType = sourcecode.swift; path = PlaylistCreatorTests.swift; sourceTree = "<group>"; };
		47D94DD8A5264F388A380364 /* URLValidator.swift */ = {isa = PBXFileReference; lastKnownFileType = sourcecode.swift; path = URLValidator.swift; sourceTree = "<group>"; };
		4D0B46606F17F2DE1EEED16A /* MatchedSongTests.swift */ = {isa = PBXFileReference; lastKnownFileType = sourcecode.swift; path = MatchedSongTests.swift; sourceTree = "<group>"; };
		50C650A8B370C7FF23722CB1 /* MusicSearcher.swift */ = {isa = PBXFileReference; lastKnownFileType = sourcecode.swift; path = MusicSearcher.swift; sourceTree = "<group>"; };
		5119AD78368DCC9EB49911C6 /* MatchSelector.swift */ = {isa = PBXFileReference; includeInIndex = 1; lastKnownFileType = sourcecode.swift; path = MatchSelector.swift; sourceTree = "<group>"; };
		512BFB15AC3994BDCE08BDF3 /* FileUploadView.swift */ = {isa = PBXFileReference; lastKnownFileType = sourcecode.swift; path = FileUploadView.swift; sourceTree = "<group>"; };
		53668D0C2557C7FA576A0707 /* FileUploadViewModel.swift */ = {isa = PBXFileReference; lastKnownFileType = sourcecode.swift; path = FileUploadViewModel.swift; sourceTree = "<group>"; };
		55EB84239564F1C9D52D970A /* ServiceContainer.swift */ = {isa = PBXFileReference; lastKnownFileType = sourcecode.swift; path = ServiceContainer.swift; sourceTree = "<group>"; };
		5635D0903107CAD6EC033BE9 /* MockTranscriber.swift */ = {isa = PBXFileReference; lastKnownFileType = sourcecode.swift; path = MockTranscriber.swift; sourceTree = "<group>"; };
		592EC583C966CB1347596210 /* KeychainManager.swift */ = {isa = PBXFileReference; includeInIndex = 1; lastKnownFileType = sourcecode.swift; name = KeychainManager.swift; path = Settings/KeychainManager.swift; sourceTree = "<group>"; };
		6BE9CF0EE6EE2BC6B82476A4 /* PlaylistRequestTests.swift */ = {isa = PBXFileReference; lastKnownFileType = sourcecode.swift; path = PlaylistRequestTests.swift; sourceTree = "<group>"; };
		77A3E0564ACB477091D44BB2 /* URLDownloader.swift */ = {isa = PBXFileReference; lastKnownFileType = sourcecode.swift; path = URLDownloader.swift; sourceTree = "<group>"; };
		78E4256E56A446249F898283 /* WhisperTranscriptionService.swift */ = {isa = PBXFileReference; lastKnownFileType = sourcecode.swift; path = WhisperTranscriptionService.swift; sourceTree = "<group>"; };
		7BA2CA13E6B8B4341E96B1C5 /* Info.plist */ = {isa = PBXFileReference; lastKnownFileType = text.plist; path = Info.plist; sourceTree = "<group>"; };
		7CEB6592203043408422FF7B /* AudioExtractionTests.swift */ = {isa = PBXFileReference; lastKnownFileType = sourcecode.swift; name = AudioExtractionTests.swift; path = PlaylistCreatorTests/Services/AudioExtractionTests.swift; sourceTree = SOURCE_ROOT; };
		7D6D1EC181E7384062DFDD51 /* AudioProcessorTests.swift */ = {isa = PBXFileReference; lastKnownFileType = sourcecode.swift; path = AudioProcessorTests.swift; sourceTree = "<group>"; };
		7E26BA1D0F45B9EA8310B17F /* SettingsManager.swift */ = {isa = PBXFileReference; includeInIndex = 1; lastKnownFileType = sourcecode.swift; name = SettingsManager.swift; path = Settings/SettingsManager.swift; sourceTree = "<group>"; };
		80921619D063166FC4D6DD02 /* Song.swift */ = {isa = PBXFileReference; lastKnownFileType = sourcecode.swift; path = Song.swift; sourceTree = "<group>"; };
		8426AB5EC6D80857CF1AF4E5 /* Info-minimal.plist */ = {isa = PBXFileReference; lastKnownFileType = text.plist; path = "Info-minimal.plist"; sourceTree = "<group>"; };
		84EB8EA76CB09C16A2C4D7A3 /* MockPlaylistCreator.swift */ = {isa = PBXFileReference; lastKnownFileType = sourcecode.swift; path = MockPlaylistCreator.swift; sourceTree = "<group>"; };
		8C33870D02A6974ACB79B45A /* ContentView.swift */ = {isa = PBXFileReference; lastKnownFileType = sourcecode.swift; path = ContentView.swift; sourceTree = "<group>"; };
		9A626FF129AD281B9B2841F1 /* MusicExtractor.swift */ = {isa = PBXFileReference; lastKnownFileType = sourcecode.swift; path = MusicExtractor.swift; sourceTree = "<group>"; };
		9A8B5D4055B1469482D09C85 /* MusicDataNormalizer.swift */ = {isa = PBXFileReference; lastKnownFileType = sourcecode.swift; path = PlaylistCreator/Services/MusicDataNormalizer.swift; sourceTree = "<group>"; };
		A61F30D6D30B6F95C8C8311A /* PlaylistCreatorTests.xctest */ = {isa = PBXFileReference; explicitFileType = wrapper.cfbundle; includeInIndex = 0; path = PlaylistCreatorTests.xctest; sourceTree = BUILT_PRODUCTS_DIR; };
		B1424E4A1C869462687C40BF /* TranscriberTests.swift */ = {isa = PBXFileReference; lastKnownFileType = sourcecode.swift; path = TranscriberTests.swift; sourceTree = "<group>"; };
		B747269EA4C8B1F3608E74B4 /* SongTests.swift */ = {isa = PBXFileReference; lastKnownFileType = sourcecode.swift; path = SongTests.swift; sourceTree = "<group>"; };
		B7B82C8167AF1454F8D800AF /* ProcessingStatusTests.swift */ = {isa = PBXFileReference; lastKnownFileType = sourcecode.swift; path = ProcessingStatusTests.swift; sourceTree = "<group>"; };
		B9FC5EFBCE2FAB67669BCBB0 /* FileUploadServiceTests.swift */ = {isa = PBXFileReference; lastKnownFileType = sourcecode.swift; path = FileUploadServiceTests.swift; sourceTree = "<group>"; };
		C082FCBBB6D7BAD3B01DEEB8 /* PlaylistCreatorServiceTests.swift */ = {isa = PBXFileReference; lastKnownFileType = sourcecode.swift; path = PlaylistCreatorServiceTests.swift; sourceTree = "<group>"; };
		C118177ED08BE7C415CDFBDC /* FileUploadService.swift */ = {isa = PBXFileReference; lastKnownFileType = sourcecode.swift; path = FileUploadService.swift; sourceTree = "<group>"; };
		C2752E97DCCC4776B058FC02 /* TranscriptionServiceTests.swift */ = {isa = PBXFileReference; lastKnownFileType = sourcecode.swift; name = TranscriptionServiceTests.swift; path = PlaylistCreatorTests/Services/TranscriptionServiceTests.swift; sourceTree = SOURCE_ROOT; };
		C4D18C87D7C29E464252B9A6 /* Preview Assets.xcassets */ = {isa = PBXFileReference; lastKnownFileType = folder.assetcatalog; path = "Preview Assets.xcassets"; sourceTree = "<group>"; };
		C5BB459A50CE342EE24761E1 /* PlaylistCreatorApp.swift */ = {isa = PBXFileReference; lastKnownFileType = sourcecode.swift; path = PlaylistCreatorApp.swift; sourceTree = "<group>"; };
		CC2E26B09B09E9E00C01F88F /* KeychainManagerTests.swift */ = {isa = PBXFileReference; includeInIndex = 1; lastKnownFileType = sourcecode.swift; name = KeychainManagerTests.swift; path = Settings/KeychainManagerTests.swift; sourceTree = "<group>"; };
		CD5D822603C24390ABF57121 /* OpenAIService.swift */ = {isa = PBXFileReference; lastKnownFileType = sourcecode.swift; path = PlaylistCreator/Services/OpenAIService.swift; sourceTree = "<group>"; };
		D48E15D196E1FECA1AC1F5C3 /* MatchedSong.swift */ = {isa = PBXFileReference; lastKnownFileType = sourcecode.swift; path = MatchedSong.swift; sourceTree = "<group>"; };
		DF141222014D46E3AD0112A2 /* MusicExtractorTests.swift */ = {isa = PBXFileReference; lastKnownFileType = sourcecode.swift; path = MusicExtractorTests.swift; sourceTree = "<group>"; };
		E82F3ADFFB33D23315387BF3 /* ProcessingStatus.swift */ = {isa = PBXFileReference; lastKnownFileType = sourcecode.swift; path = ProcessingStatus.swift; sourceTree = "<group>"; };
		EFBE836CE0168615AF013678 /* PlaylistCreator.entitlements */ = {isa = PBXFileReference; lastKnownFileType = text.plist.entitlements; path = PlaylistCreator.entitlements; sourceTree = "<group>"; };
		F04E5752F01B8E3B5921D36A /* MusicSearcherTests.swift */ = {isa = PBXFileReference; lastKnownFileType = sourcecode.swift; path = MusicSearcherTests.swift; sourceTree = "<group>"; };
		F0AD39F80E04277286C71DF3 /* MatchStatusTests.swift */ = {isa = PBXFileReference; lastKnownFileType = sourcecode.swift; path = MatchStatusTests.swift; sourceTree = "<group>"; };
		F3BE2DDFDA506B6FFAD5BBEC /* AppleMusicSearchServiceTests.swift */ = {isa = PBXFileReference; includeInIndex = 1; lastKnownFileType = sourcecode.swift; path = AppleMusicSearchServiceTests.swift; sourceTree = "<group>"; };
		F600640A76DD103F63AE1E7F /* AudioProcessor.swift */ = {isa = PBXFileReference; lastKnownFileType = sourcecode.swift; path = AudioProcessor.swift; sourceTree = "<group>"; };
		F64891A2E2366A35432BB4C3 /* MockMusicExtractor.swift */ = {isa = PBXFileReference; lastKnownFileType = sourcecode.swift; path = MockMusicExtractor.swift; sourceTree = "<group>"; };
		FEF4A1DC61A85BD6634D0D02 /* Transcriber.swift */ = {isa = PBXFileReference; lastKnownFileType = sourcecode.swift; path = Transcriber.swift; sourceTree = "<group>"; };
/* End PBXFileReference section */

/* Begin PBXGroup section */
		387FE7646F16B265D0EDE6B8 /* Services */ = {
			isa = PBXGroup;
			children = (
				F600640A76DD103F63AE1E7F /* AudioProcessor.swift */,
				C118177ED08BE7C415CDFBDC /* FileUploadService.swift */,
				47D94DD8A5264F388A380364 /* URLValidator.swift */,
				77A3E0564ACB477091D44BB2 /* URLDownloader.swift */,
				9A626FF129AD281B9B2841F1 /* MusicExtractor.swift */,
				78E4256E56A446249F898283 /* WhisperTranscriptionService.swift */,
				50C650A8B370C7FF23722CB1 /* MusicSearcher.swift */,
				40FBEF3E88D0DFD0740D0029 /* PlaylistCreator.swift */,
				2391D37546D38BC6C50A7E3C /* PlaylistError.swift */,
				55EB84239564F1C9D52D970A /* ServiceContainer.swift */,
				FEF4A1DC61A85BD6634D0D02 /* Transcriber.swift */,
				7654FDA78F39BE8BD5C44394 /* Mocks */,
				3B9E90A489BB7FC59CCAA211 /* AppleMusicSearchService.swift */,
				5119AD78368DCC9EB49911C6 /* MatchSelector.swift */,
			);
			path = Services;
			sourceTree = "<group>";
		};
		41CF6AD206BE8DE341094C94 /* Models */ = {
			isa = PBXGroup;
			children = (
				D48E15D196E1FECA1AC1F5C3 /* MatchedSong.swift */,
				35E97F3FC4190C4D905556DF /* MatchStatus.swift */,
				2BB4686F066207A4DC4015E7 /* PlaylistRequest.swift */,
				E82F3ADFFB33D23315387BF3 /* ProcessingStatus.swift */,
				80921619D063166FC4D6DD02 /* Song.swift */,
			);
			path = Models;
			sourceTree = "<group>";
		};
		495D1FF5D82A6B60210744F1 /* Views */ = {
			isa = PBXGroup;
			children = (
				8C33870D02A6974ACB79B45A /* ContentView.swift */,
				512BFB15AC3994BDCE08BDF3 /* FileUploadView.swift */,
				3E33BE836DFD56DFBB21251C /* SettingsView.swift */,
			);
			path = Views;
			sourceTree = "<group>";
		};
		6E2DA2BF733E620062F0C40B /* Products */ = {
			isa = PBXGroup;
			children = (
				29872FCFB418650E93EE6E49 /* PlaylistCreator.app */,
				A61F30D6D30B6F95C8C8311A /* PlaylistCreatorTests.xctest */,
			);
			name = Products;
			sourceTree = "<group>";
		};
		72846B72345B758D0C4F1370 /* Settings */ = {
			isa = PBXGroup;
			children = (
				592EC583C966CB1347596210 /* KeychainManager.swift */,
				7E26BA1D0F45B9EA8310B17F /* SettingsManager.swift */,
			);
			name = Settings;
			sourceTree = "<group>";
		};
		7654FDA78F39BE8BD5C44394 /* Mocks */ = {
			isa = PBXGroup;
			children = (
				42457A5844FF042C44600B1A /* MockAudioProcessor.swift */,
				F64891A2E2366A35432BB4C3 /* MockMusicExtractor.swift */,
				06463135377AF2DA5003C8C4 /* MockMusicSearcher.swift */,
				84EB8EA76CB09C16A2C4D7A3 /* MockPlaylistCreator.swift */,
				5635D0903107CAD6EC033BE9 /* MockTranscriber.swift */,
			);
			path = Mocks;
			sourceTree = "<group>";
		};
		8D2D34E152F75EBD85D07282 /* PlaylistCreatorTests */ = {
			isa = PBXGroup;
			children = (
				4780841B6B2CE84173749B30 /* PlaylistCreatorTests.swift */,
				CF6F6418839368C3E735FBC7 /* Models */,
				CDEE864A102B9A5A788A91D7 /* Services */,
				94C0B07303AE0FBCFA7EE55C /* Settings */,
			);
			path = PlaylistCreatorTests;
			sourceTree = "<group>";
		};
		94C0B07303AE0FBCFA7EE55C /* Settings */ = {
			isa = PBXGroup;
			children = (
				CC2E26B09B09E9E00C01F88F /* KeychainManagerTests.swift */,
				363F71ED79FCBEB26E9EE8BF /* SettingsManagerTests.swift */,
			);
			name = Settings;
			sourceTree = "<group>";
		};
		A4C2D84743973D551F759F53 = {
			isa = PBXGroup;
			children = (
				D8CEC24B2D38E7D897FC0F12 /* PlaylistCreator */,
				8D2D34E152F75EBD85D07282 /* PlaylistCreatorTests */,
				6E2DA2BF733E620062F0C40B /* Products */,
			);
			sourceTree = "<group>";
		};
		C00BA565B5B03C2F12918018 /* Preview Content */ = {
			isa = PBXGroup;
			children = (
				C4D18C87D7C29E464252B9A6 /* Preview Assets.xcassets */,
			);
			path = "Preview Content";
			sourceTree = "<group>";
		};
		CDEE864A102B9A5A788A91D7 /* Services */ = {
			isa = PBXGroup;
			children = (
				7D6D1EC181E7384062DFDD51 /* AudioProcessorTests.swift */,
				B9FC5EFBCE2FAB67669BCBB0 /* FileUploadServiceTests.swift */,
				DF141222014D46E3AD0112A2 /* MusicExtractorTests.swift */,
				F04E5752F01B8E3B5921D36A /* MusicSearcherTests.swift */,
				C082FCBBB6D7BAD3B01DEEB8 /* PlaylistCreatorServiceTests.swift */,
				15C74F65585C251CCBF9BCBF /* PlaylistErrorTests.swift */,
				2670AE96A19B5FFD044CAC6A /* ServiceContainerTests.swift */,
				B1424E4A1C869462687C40BF /* TranscriberTests.swift */,
				F3BE2DDFDA506B6FFAD5BBEC /* AppleMusicSearchServiceTests.swift */,
				17551EB391CF65249C008E7C /* MatchSelectorTests.swift */,
			);
			path = Services;
			sourceTree = "<group>";
		};
		CF6F6418839368C3E735FBC7 /* Models */ = {
			isa = PBXGroup;
			children = (
				4D0B46606F17F2DE1EEED16A /* MatchedSongTests.swift */,
				F0AD39F80E04277286C71DF3 /* MatchStatusTests.swift */,
				6BE9CF0EE6EE2BC6B82476A4 /* PlaylistRequestTests.swift */,
				B7B82C8167AF1454F8D800AF /* ProcessingStatusTests.swift */,
				B747269EA4C8B1F3608E74B4 /* SongTests.swift */,
			);
			path = Models;
			sourceTree = "<group>";
		};
		D8CEC24B2D38E7D897FC0F12 /* PlaylistCreator */ = {
			isa = PBXGroup;
			children = (
				23AABCB13F1B8D8830FCDA25 /* Assets.xcassets */,
				8426AB5EC6D80857CF1AF4E5 /* Info-minimal.plist */,
				7BA2CA13E6B8B4341E96B1C5 /* Info.plist */,
				EFBE836CE0168615AF013678 /* PlaylistCreator.entitlements */,
				C5BB459A50CE342EE24761E1 /* PlaylistCreatorApp.swift */,
				41CF6AD206BE8DE341094C94 /* Models */,
				C00BA565B5B03C2F12918018 /* Preview Content */,
				387FE7646F16B265D0EDE6B8 /* Services */,
				FFD6E1DD158C9EA0D03C4C94 /* ViewModels */,
				495D1FF5D82A6B60210744F1 /* Views */,
				72846B72345B758D0C4F1370 /* Settings */,
			);
			path = PlaylistCreator;
			sourceTree = "<group>";
		};
		FFD6E1DD158C9EA0D03C4C94 /* ViewModels */ = {
			isa = PBXGroup;
			children = (
				53668D0C2557C7FA576A0707 /* FileUploadViewModel.swift */,
			);
			path = ViewModels;
			sourceTree = "<group>";
		};
/* End PBXGroup section */

/* Begin PBXNativeTarget section */
		1CAF01452B79E131FCFC1C3D /* PlaylistCreator */ = {
			isa = PBXNativeTarget;
			buildConfigurationList = 4ADEBD648E2C37CC4AB27DF0 /* Build configuration list for PBXNativeTarget "PlaylistCreator" */;
			buildPhases = (
				BDA7554135F2A006478FDA0A /* Sources */,
				511637F31C5827BA13D18BF0 /* Resources */,
			);
			buildRules = (
			);
			dependencies = (
			);
			name = PlaylistCreator;
			productName = PlaylistCreator;
			productReference = 29872FCFB418650E93EE6E49 /* PlaylistCreator.app */;
			productType = "com.apple.product-type.application";
		};
		77D676DDA111FEBD98FFD0FE /* PlaylistCreatorTests */ = {
			isa = PBXNativeTarget;
			buildConfigurationList = 221F8A2A34952FD7E437C567 /* Build configuration list for PBXNativeTarget "PlaylistCreatorTests" */;
			buildPhases = (
				43FC31C9B98CEC144AAE11BE /* Sources */,
			);
			buildRules = (
			);
			dependencies = (
				51E33EDA780F73438D00B42B /* PBXTargetDependency */,
			);
			name = PlaylistCreatorTests;
			productName = PlaylistCreatorTests;
			productReference = A61F30D6D30B6F95C8C8311A /* PlaylistCreatorTests.xctest */;
			productType = "com.apple.product-type.bundle.unit-test";
		};
/* End PBXNativeTarget section */

/* Begin PBXProject section */
		C9EBF474E38427370B66AF92 /* Project object */ = {
			isa = PBXProject;
			attributes = {
				BuildIndependentTargetsInParallel = YES;
				LastUpgradeCheck = 1640;
				TargetAttributes = {
					1CAF01452B79E131FCFC1C3D = {
						DevelopmentTeam = "";
						ProvisioningStyle = Automatic;
					};
				};
			};
			buildConfigurationList = 91F4602B607F340E7B513110 /* Build configuration list for PBXProject "PlaylistCreator" */;
			compatibilityVersion = "Xcode 14.0";
			developmentRegion = en;
			hasScannedForEncodings = 0;
			knownRegions = (
				Base,
				en,
			);
			mainGroup = A4C2D84743973D551F759F53;
			minimizedProjectReferenceProxies = 1;
			productRefGroup = 6E2DA2BF733E620062F0C40B /* Products */;
			projectDirPath = "";
			projectRoot = "";
			targets = (
				1CAF01452B79E131FCFC1C3D /* PlaylistCreator */,
				77D676DDA111FEBD98FFD0FE /* PlaylistCreatorTests */,
			);
		};
/* End PBXProject section */

/* Begin PBXResourcesBuildPhase section */
		511637F31C5827BA13D18BF0 /* Resources */ = {
			isa = PBXResourcesBuildPhase;
			buildActionMask = 2147483647;
			files = (
				6E2BF295D2D9BE16E5D5D4E2 /* Assets.xcassets in Resources */,
				D952F6D474F12A6D738400F9 /* Info-minimal.plist in Resources */,
				D011BC14E094492AE7D2B584 /* Preview Assets.xcassets in Resources */,
			);
			runOnlyForDeploymentPostprocessing = 0;
		};
/* End PBXResourcesBuildPhase section */

/* Begin PBXSourcesBuildPhase section */
		43FC31C9B98CEC144AAE11BE /* Sources */ = {
			isa = PBXSourcesBuildPhase;
			buildActionMask = 2147483647;
			files = (
				F6198026B4921E8B2E3A0C34 /* AudioProcessorTests.swift in Sources */,
				0849A1F2F661A302A025A792 /* FileUploadServiceTests.swift in Sources */,
				DBBE38902486467394D116A8 /* TranscriptionServiceTests.swift in Sources */,
				1B7897A798D94F92AA57094C /* AudioExtractionTests.swift in Sources */,
				79E54C9955A566E87DDAB06A /* MatchStatusTests.swift in Sources */,
				2AFC848AABF3969E415F3ADC /* MatchedSongTests.swift in Sources */,
				8D93B251CF280D9499502E55 /* MusicExtractorTests.swift in Sources */,
				305BEE36623560B29DF62068 /* MusicSearcherTests.swift in Sources */,
				2C10EFFA5B80A599E3FC6024 /* PlaylistCreatorServiceTests.swift in Sources */,
				0D7463998336E33F5BD42CE4 /* PlaylistCreatorTests.swift in Sources */,
				9CBF6460793E3D6C98050151 /* PlaylistErrorTests.swift in Sources */,
				D1CC804EE8C6FED9EDB668A8 /* PlaylistRequestTests.swift in Sources */,
				04EFB7824CDEAB888C27A39D /* ProcessingStatusTests.swift in Sources */,
				7A96DD8787DD2AE5439EADD1 /* ServiceContainerTests.swift in Sources */,
				D3BCF2EE1F6AC885383FE521 /* SongTests.swift in Sources */,
				EB79CE0451019B91B573A5D4 /* TranscriberTests.swift in Sources */,
				056006892AEE44DA8C9B2A27 /* OpenAIServiceTests.swift in Sources */,
				4E51990227E28476817EE9D1 /* AppleMusicSearchServiceTests.swift in Sources */,
				C93C0A51B77FBF326F0E820F /* KeychainManagerTests.swift in Sources */,
				2300FD5A8853BEBB7E839F0D /* SettingsManagerTests.swift in Sources */,
				78F4AD0CF4B802A5698474A6 /* MatchSelectorTests.swift in Sources */,
			);
			runOnlyForDeploymentPostprocessing = 0;
		};
		BDA7554135F2A006478FDA0A /* Sources */ = {
			isa = PBXSourcesBuildPhase;
			buildActionMask = 2147483647;
			files = (
				3D4F67FF340696C2F40411D3 /* AudioProcessor.swift in Sources */,
				D8E4BDF411CFDA3985C3CB73 /* ContentView.swift in Sources */,
				1EECD58E0F20F500D2FA9204 /* FileUploadService.swift in Sources */,
				299E57053AFD4CB7A4E2CFED /* WhisperTranscriptionService.swift in Sources */,
				FAA53BE18EF64C709CA34639 /* URLValidator.swift in Sources */,
				E95A597DE5BD4DD78670E596 /* URLDownloader.swift in Sources */,
				6636D99619ACC61B01EECC0D /* FileUploadView.swift in Sources */,
				5172D4AA59258E4299C1B637 /* FileUploadViewModel.swift in Sources */,
				3EECA254588D67BF9BFC3A99 /* MatchStatus.swift in Sources */,
				98D50E3AD569EFB9D06A0AF8 /* MatchedSong.swift in Sources */,
				7814F0C362114371E9808512 /* MockAudioProcessor.swift in Sources */,
				9E9AC0EC2B1705806CD71E91 /* MockMusicExtractor.swift in Sources */,
				5884245D76CB1CE442A14858 /* MockMusicSearcher.swift in Sources */,
				D154E5195064F431DB11B17C /* MockPlaylistCreator.swift in Sources */,
				5A84A051986BBFBC3A49D168 /* MockTranscriber.swift in Sources */,
				7E52A241AE64A3333F484D98 /* MusicExtractor.swift in Sources */,
				58419CB0330E1A175822386A /* MusicSearcher.swift in Sources */,
				3F673C372E55C7709593F981 /* PlaylistCreator.swift in Sources */,
				85F3359FC2C8DC30F4C749CB /* PlaylistCreatorApp.swift in Sources */,
				7A700C447524A79EBC70DF26 /* PlaylistError.swift in Sources */,
				7A522365D4D3C11E97C67F83 /* PlaylistRequest.swift in Sources */,
				8E041A8B7A0C4071C0AF5258 /* ProcessingStatus.swift in Sources */,
				78435CB27E4C5FF22289900A /* ServiceContainer.swift in Sources */,
				A2165EFC5EEE7F9C90AD2274 /* Song.swift in Sources */,
				80B9F3447A4B704A762DA779 /* Transcriber.swift in Sources */,
				7AF290232E284E37B6795787 /* TranscriptProcessor.swift in Sources */,
				484C0D50B76547BF8CB743BE /* OpenAIService.swift in Sources */,
				94E03F5453DA4A92910E939B /* MusicDataNormalizer.swift in Sources */,
				B7DED85DFD5E3C0BF1ADA808 /* AppleMusicSearchService.swift in Sources */,
				06F641801A91F11EAC2FB72B /* KeychainManager.swift in Sources */,
				52EEF07F1C86F5F97C9160DB /* SettingsManager.swift in Sources */,
				8A957476C6B7C02A888EA979 /* SettingsView.swift in Sources */,
				5CFC64508A16BD362993486E /* MatchSelector.swift in Sources */,
			);
			runOnlyForDeploymentPostprocessing = 0;
		};
/* End PBXSourcesBuildPhase section */

/* Begin PBXTargetDependency section */
		51E33EDA780F73438D00B42B /* PBXTargetDependency */ = {
			isa = PBXTargetDependency;
			target = 1CAF01452B79E131FCFC1C3D /* PlaylistCreator */;
			targetProxy = 46F6E12C6307927C6809FEF6 /* PBXContainerItemProxy */;
		};
/* End PBXTargetDependency section */

/* Begin XCBuildConfiguration section */
		269DACD13FB8EFBA5722FABD /* Release */ = {
			isa = XCBuildConfiguration;
			buildSettings = {
				ASSETCATALOG_COMPILER_APPICON_NAME = AppIcon;
				CODE_SIGN_IDENTITY = "-";
				CODE_SIGN_STYLE = Automatic;
				COMBINE_HIDPI_IMAGES = YES;
				DEAD_CODE_STRIPPING = YES;
				DEVELOPMENT_ASSET_PATHS = "PlaylistCreator/Preview\\ Content";
				DEVELOPMENT_TEAM = "";
				ENABLE_PREVIEWS = YES;
				INFOPLIST_FILE = PlaylistCreator/Info.plist;
				LD_RUNPATH_SEARCH_PATHS = (
					"$(inherited)",
					"@executable_path/../Frameworks",
				);
				PRODUCT_BUNDLE_IDENTIFIER = com.chrisbrooks.PlaylistCreator;
				PRODUCT_NAME = PlaylistCreator;
				SDKROOT = macosx;
				SUPPORTS_MACCATALYST = NO;
				SUPPORTS_MAC_DESIGNED_FOR_IPHONE_IPAD = NO;
				SWIFT_VERSION = 5.0;
				TARGETED_DEVICE_FAMILY = 2;
			};
			name = Release;
		};
		289DE08BBBA28701617DC203 /* Debug */ = {
			isa = XCBuildConfiguration;
			buildSettings = {
				ALWAYS_SEARCH_USER_PATHS = NO;
				CLANG_ANALYZER_NONNULL = YES;
				CLANG_ANALYZER_NUMBER_OBJECT_CONVERSION = YES_AGGRESSIVE;
				CLANG_CXX_LANGUAGE_STANDARD = "gnu++14";
				CLANG_CXX_LIBRARY = "libc++";
				CLANG_ENABLE_MODULES = YES;
				CLANG_ENABLE_OBJC_ARC = YES;
				CLANG_ENABLE_OBJC_WEAK = YES;
				CLANG_WARN_BLOCK_CAPTURE_AUTORELEASING = YES;
				CLANG_WARN_BOOL_CONVERSION = YES;
				CLANG_WARN_COMMA = YES;
				CLANG_WARN_CONSTANT_CONVERSION = YES;
				CLANG_WARN_DEPRECATED_OBJC_IMPLEMENTATIONS = YES;
				CLANG_WARN_DIRECT_OBJC_ISA_USAGE = YES_ERROR;
				CLANG_WARN_DOCUMENTATION_COMMENTS = YES;
				CLANG_WARN_EMPTY_BODY = YES;
				CLANG_WARN_ENUM_CONVERSION = YES;
				CLANG_WARN_INFINITE_RECURSION = YES;
				CLANG_WARN_INT_CONVERSION = YES;
				CLANG_WARN_NON_LITERAL_NULL_CONVERSION = YES;
				CLANG_WARN_OBJC_IMPLICIT_RETAIN_SELF = YES;
				CLANG_WARN_OBJC_LITERAL_CONVERSION = YES;
				CLANG_WARN_OBJC_ROOT_CLASS = YES_ERROR;
				CLANG_WARN_QUOTED_INCLUDE_IN_FRAMEWORK_HEADER = YES;
				CLANG_WARN_RANGE_LOOP_ANALYSIS = YES;
				CLANG_WARN_STRICT_PROTOTYPES = YES;
				CLANG_WARN_SUSPICIOUS_MOVE = YES;
				CLANG_WARN_UNGUARDED_AVAILABILITY = YES_AGGRESSIVE;
				CLANG_WARN_UNREACHABLE_CODE = YES;
				CLANG_WARN__DUPLICATE_METHOD_MATCH = YES;
				COPY_PHASE_STRIP = NO;
				CURRENT_PROJECT_VERSION = 1;
				DEAD_CODE_STRIPPING = YES;
				DEBUG_INFORMATION_FORMAT = dwarf;
				ENABLE_STRICT_OBJC_MSGSEND = YES;
				ENABLE_TESTABILITY = YES;
				ENABLE_USER_SCRIPT_SANDBOXING = YES;
				GCC_C_LANGUAGE_STANDARD = gnu11;
				GCC_DYNAMIC_NO_PIC = NO;
				GCC_NO_COMMON_BLOCKS = YES;
				GCC_OPTIMIZATION_LEVEL = 0;
				GCC_PREPROCESSOR_DEFINITIONS = (
					"$(inherited)",
					"DEBUG=1",
				);
				GCC_WARN_64_TO_32_BIT_CONVERSION = YES;
				GCC_WARN_ABOUT_RETURN_TYPE = YES_ERROR;
				GCC_WARN_UNDECLARED_SELECTOR = YES;
				GCC_WARN_UNINITIALIZED_AUTOS = YES_AGGRESSIVE;
				GCC_WARN_UNUSED_FUNCTION = YES;
				GCC_WARN_UNUSED_VARIABLE = YES;
				MACOSX_DEPLOYMENT_TARGET = 13.0;
				MARKETING_VERSION = 1.0.0;
				MTL_ENABLE_DEBUG_INFO = INCLUDE_SOURCE;
				MTL_FAST_MATH = YES;
				ONLY_ACTIVE_ARCH = YES;
				PRODUCT_NAME = "$(TARGET_NAME)";
				SDKROOT = macosx;
				SWIFT_ACTIVE_COMPILATION_CONDITIONS = DEBUG;
				SWIFT_OPTIMIZATION_LEVEL = "-Onone";
				SWIFT_VERSION = 5.0;
			};
			name = Debug;
		};
		57A08BF160366839C8A7E767 /* Release */ = {
			isa = XCBuildConfiguration;
			buildSettings = {
				ALWAYS_SEARCH_USER_PATHS = NO;
				CLANG_ANALYZER_NONNULL = YES;
				CLANG_ANALYZER_NUMBER_OBJECT_CONVERSION = YES_AGGRESSIVE;
				CLANG_CXX_LANGUAGE_STANDARD = "gnu++14";
				CLANG_CXX_LIBRARY = "libc++";
				CLANG_ENABLE_MODULES = YES;
				CLANG_ENABLE_OBJC_ARC = YES;
				CLANG_ENABLE_OBJC_WEAK = YES;
				CLANG_WARN_BLOCK_CAPTURE_AUTORELEASING = YES;
				CLANG_WARN_BOOL_CONVERSION = YES;
				CLANG_WARN_COMMA = YES;
				CLANG_WARN_CONSTANT_CONVERSION = YES;
				CLANG_WARN_DEPRECATED_OBJC_IMPLEMENTATIONS = YES;
				CLANG_WARN_DIRECT_OBJC_ISA_USAGE = YES_ERROR;
				CLANG_WARN_DOCUMENTATION_COMMENTS = YES;
				CLANG_WARN_EMPTY_BODY = YES;
				CLANG_WARN_ENUM_CONVERSION = YES;
				CLANG_WARN_INFINITE_RECURSION = YES;
				CLANG_WARN_INT_CONVERSION = YES;
				CLANG_WARN_NON_LITERAL_NULL_CONVERSION = YES;
				CLANG_WARN_OBJC_IMPLICIT_RETAIN_SELF = YES;
				CLANG_WARN_OBJC_LITERAL_CONVERSION = YES;
				CLANG_WARN_OBJC_ROOT_CLASS = YES_ERROR;
				CLANG_WARN_QUOTED_INCLUDE_IN_FRAMEWORK_HEADER = YES;
				CLANG_WARN_RANGE_LOOP_ANALYSIS = YES;
				CLANG_WARN_STRICT_PROTOTYPES = YES;
				CLANG_WARN_SUSPICIOUS_MOVE = YES;
				CLANG_WARN_UNGUARDED_AVAILABILITY = YES_AGGRESSIVE;
				CLANG_WARN_UNREACHABLE_CODE = YES;
				CLANG_WARN__DUPLICATE_METHOD_MATCH = YES;
				COPY_PHASE_STRIP = NO;
				CURRENT_PROJECT_VERSION = 1;
				DEAD_CODE_STRIPPING = YES;
				DEBUG_INFORMATION_FORMAT = "dwarf-with-dsym";
				ENABLE_NS_ASSERTIONS = NO;
				ENABLE_STRICT_OBJC_MSGSEND = YES;
				ENABLE_USER_SCRIPT_SANDBOXING = YES;
				GCC_C_LANGUAGE_STANDARD = gnu11;
				GCC_NO_COMMON_BLOCKS = YES;
				GCC_WARN_64_TO_32_BIT_CONVERSION = YES;
				GCC_WARN_ABOUT_RETURN_TYPE = YES_ERROR;
				GCC_WARN_UNDECLARED_SELECTOR = YES;
				GCC_WARN_UNINITIALIZED_AUTOS = YES_AGGRESSIVE;
				GCC_WARN_UNUSED_FUNCTION = YES;
				GCC_WARN_UNUSED_VARIABLE = YES;
				MACOSX_DEPLOYMENT_TARGET = 13.0;
				MARKETING_VERSION = 1.0.0;
				MTL_ENABLE_DEBUG_INFO = NO;
				MTL_FAST_MATH = YES;
				PRODUCT_NAME = "$(TARGET_NAME)";
				SDKROOT = macosx;
				SWIFT_COMPILATION_MODE = wholemodule;
				SWIFT_OPTIMIZATION_LEVEL = "-O";
				SWIFT_VERSION = 5.0;
			};
			name = Release;
		};
		7798E0B6C2B124DEDF0591A1 /* Release */ = {
			isa = XCBuildConfiguration;
			buildSettings = {
				BUNDLE_LOADER = "$(TEST_HOST)";
				COMBINE_HIDPI_IMAGES = YES;
				DEAD_CODE_STRIPPING = YES;
				GENERATE_INFOPLIST_FILE = YES;
				LD_RUNPATH_SEARCH_PATHS = (
					"$(inherited)",
					"@executable_path/../Frameworks",
					"@loader_path/../Frameworks",
				);
				PRODUCT_BUNDLE_IDENTIFIER = com.chrisbrooks.PlaylistCreatorTests;
				PRODUCT_NAME = PlaylistCreatorTests;
				SDKROOT = macosx;
				TEST_HOST = "$(BUILT_PRODUCTS_DIR)/PlaylistCreator.app/Contents/MacOS/PlaylistCreator";
			};
			name = Release;
		};
		7BB825811E818D8D21754C2F /* Debug */ = {
			isa = XCBuildConfiguration;
			buildSettings = {
				ASSETCATALOG_COMPILER_APPICON_NAME = AppIcon;
				CODE_SIGN_IDENTITY = "-";
				CODE_SIGN_STYLE = Automatic;
				COMBINE_HIDPI_IMAGES = YES;
				DEAD_CODE_STRIPPING = YES;
				DEVELOPMENT_ASSET_PATHS = "PlaylistCreator/Preview\\ Content";
				DEVELOPMENT_TEAM = "";
				ENABLE_PREVIEWS = YES;
				INFOPLIST_FILE = PlaylistCreator/Info.plist;
				LD_RUNPATH_SEARCH_PATHS = (
					"$(inherited)",
					"@executable_path/../Frameworks",
				);
				PRODUCT_BUNDLE_IDENTIFIER = com.chrisbrooks.PlaylistCreator;
				PRODUCT_NAME = PlaylistCreator;
				SDKROOT = macosx;
				SUPPORTS_MACCATALYST = NO;
				SUPPORTS_MAC_DESIGNED_FOR_IPHONE_IPAD = NO;
				SWIFT_VERSION = 5.0;
				TARGETED_DEVICE_FAMILY = 2;
			};
			name = Debug;
		};
		930AD6AEED22E5BB90D2D307 /* Debug */ = {
			isa = XCBuildConfiguration;
			buildSettings = {
				BUNDLE_LOADER = "$(TEST_HOST)";
				COMBINE_HIDPI_IMAGES = YES;
				DEAD_CODE_STRIPPING = YES;
				GENERATE_INFOPLIST_FILE = YES;
				LD_RUNPATH_SEARCH_PATHS = (
					"$(inherited)",
					"@executable_path/../Frameworks",
					"@loader_path/../Frameworks",
				);
				PRODUCT_BUNDLE_IDENTIFIER = com.chrisbrooks.PlaylistCreatorTests;
				PRODUCT_NAME = PlaylistCreatorTests;
				SDKROOT = macosx;
				TEST_HOST = "$(BUILT_PRODUCTS_DIR)/PlaylistCreator.app/Contents/MacOS/PlaylistCreator";
			};
			name = Debug;
		};
/* End XCBuildConfiguration section */

/* Begin XCConfigurationList section */
		221F8A2A34952FD7E437C567 /* Build configuration list for PBXNativeTarget "PlaylistCreatorTests" */ = {
			isa = XCConfigurationList;
			buildConfigurations = (
				930AD6AEED22E5BB90D2D307 /* Debug */,
				7798E0B6C2B124DEDF0591A1 /* Release */,
			);
			defaultConfigurationIsVisible = 0;
			defaultConfigurationName = Debug;
		};
		4ADEBD648E2C37CC4AB27DF0 /* Build configuration list for PBXNativeTarget "PlaylistCreator" */ = {
			isa = XCConfigurationList;
			buildConfigurations = (
				7BB825811E818D8D21754C2F /* Debug */,
				269DACD13FB8EFBA5722FABD /* Release */,
			);
			defaultConfigurationIsVisible = 0;
			defaultConfigurationName = Debug;
		};
		91F4602B607F340E7B513110 /* Build configuration list for PBXProject "PlaylistCreator" */ = {
			isa = XCConfigurationList;
			buildConfigurations = (
				289DE08BBBA28701617DC203 /* Debug */,
				57A08BF160366839C8A7E767 /* Release */,
			);
			defaultConfigurationIsVisible = 0;
			defaultConfigurationName = Debug;
		};
/* End XCConfigurationList section */
	};
	rootObject = C9EBF474E38427370B66AF92 /* Project object */;
}
